
Microsoft Visual Studio Solution File, Format Version 12.00
# Visual Studio Version 17
VisualStudioVersion = 17.11.35327.3
MinimumVisualStudioVersion = 10.0.40219.1
Project("{FAE04EC0-301F-11D3-BF4B-00C04F79EFBC}") = "MovieRental", "MovieRental\MovieRental.csproj", "{CFDF0A8B-C674-400F-8408-34C0D671612C}"
EndProject
Global
	GlobalSection(SolutionConfigurationPlatforms) = preSolution
		Debug|Any CPU = Debug|Any CPU
		Release|Any CPU = Release|Any CPU
	EndGlobalSection
	GlobalSection(ProjectConfigurationPlatforms) = postSolution
		{CFDF0A8B-C674-400F-8408-34C0D671612C}.Debug|Any CPU.ActiveCfg = Debug|Any CPU
		{CFDF0A8B-C674-400F-8408-34C0D671612C}.Debug|Any CPU.Build.0 = Debug|Any CPU
		{CFDF0A8B-C674-400F-8408-34C0D671612C}.Release|Any CPU.ActiveCfg = Release|Any CPU
		{CFDF0A8B-C674-400F-8408-34C0D671612C}.Release|Any CPU.Build.0 = Release|Any CPU
	EndGlobalSection
	GlobalSection(SolutionProperties) = preSolution
		HideSolutionNode = FALSE
	EndGlobalSection
	GlobalSection(ExtensibilityGlobals) = postSolution
		SolutionGuid = {1C29764B-84CA-4271-A81F-5ED5FAFD1E1B}
	EndGlobalSection
EndGlobal
